
Microsoft Visual Studio Solution File, Format Version 12.00
# Visual Studio 15
VisualStudioVersion = 15.0.27004.2002
MinimumVisualStudioVersion = 10.0.40219.1
Project("{FAE04EC0-301F-11D3-BF4B-00C04F79EFBC}") = "AngularWebApplicationServer", "AngularWebApplicationServer\AngularWebApplicationServer.csproj", "{14982683-74A6-426E-A4D2-56AA9055D8BD}"
EndProject
Global
	GlobalSection(SolutionConfigurationPlatforms) = preSolution
		Debug|Any CPU = Debug|Any CPU
		Release|Any CPU = Release|Any CPU
	EndGlobalSection
	GlobalSection(ProjectConfigurationPlatforms) = postSolution
		{14982683-74A6-426E-A4D2-56AA9055D8BD}.Debug|Any CPU.ActiveCfg = Debug|Any CPU
		{14982683-74A6-426E-A4D2-56AA9055D8BD}.Debug|Any CPU.Build.0 = Debug|Any CPU
		{14982683-74A6-426E-A4D2-56AA9055D8BD}.Release|Any CPU.ActiveCfg = Release|Any CPU
		{14982683-74A6-426E-A4D2-56AA9055D8BD}.Release|Any CPU.Build.0 = Release|Any CPU
	EndGlobalSection
	GlobalSection(SolutionProperties) = preSolution
		HideSolutionNode = FALSE
	EndGlobalSection
	GlobalSection(ExtensibilityGlobals) = postSolution
		SolutionGuid = {A8EEE65F-F793-4E89-A154-958B3A6F63EA}
	EndGlobalSection
EndGlobal
